// !$*UTF8*$!
{
	archiveVersion = 1;
	classes = {
	};
	objectVersion = 56;
	objects = {

/* Begin PBXBuildFile section */
		4427B19B2AA9AC77003DFE23 /* sheetsAndFormsApp.swift in Sources */ = {isa = PBXBuildFile; fileRef = 4427B19A2AA9AC77003DFE23 /* sheetsAndFormsApp.swift */; };
		4427B19D2AA9AC77003DFE23 /* UserListView.swift in Sources */ = {isa = PBXBuildFile; fileRef = 4427B19C2AA9AC77003DFE23 /* UserListView.swift */; };
		4427B19F2AA9AC78003DFE23 /* Assets.xcassets in Resources */ = {isa = PBXBuildFile; fileRef = 4427B19E2AA9AC78003DFE23 /* Assets.xcassets */; };
		4427B1A22AA9AC78003DFE23 /* Preview Assets.xcassets in Resources */ = {isa = PBXBuildFile; fileRef = 4427B1A12AA9AC78003DFE23 /* Preview Assets.xcassets */; };
		4427B1A92AA9B10B003DFE23 /* AddUserView.swift in Sources */ = {isa = PBXBuildFile; fileRef = 4427B1A82AA9B10B003DFE23 /* AddUserView.swift */; };
		4427B1AC2AA9C926003DFE23 /* UserModel.swift in Sources */ = {isa = PBXBuildFile; fileRef = 4427B1AB2AA9C926003DFE23 /* UserModel.swift */; };
		4427B1B02AA9C9E8003DFE23 /* UserController.swift in Sources */ = {isa = PBXBuildFile; fileRef = 4427B1AF2AA9C9E8003DFE23 /* UserController.swift */; };
/* End PBXBuildFile section */

/* Begin PBXFileReference section */
		4427B1972AA9AC77003DFE23 /* sheetsAndForms.app */ = {isa = PBXFileReference; explicitFileType = wrapper.application; includeInIndex = 0; path = sheetsAndForms.app; sourceTree = BUILT_PRODUCTS_DIR; };
		4427B19A2AA9AC77003DFE23 /* sheetsAndFormsApp.swift */ = {isa = PBXFileReference; lastKnownFileType = sourcecode.swift; path = sheetsAndFormsApp.swift; sourceTree = "<group>"; };
		4427B19C2AA9AC77003DFE23 /* UserListView.swift */ = {isa = PBXFileReference; lastKnownFileType = sourcecode.swift; path = UserListView.swift; sourceTree = "<group>"; };
		4427B19E2AA9AC78003DFE23 /* Assets.xcassets */ = {isa = PBXFileReference; lastKnownFileType = folder.assetcatalog; path = Assets.xcassets; sourceTree = "<group>"; };
		4427B1A12AA9AC78003DFE23 /* Preview Assets.xcassets */ = {isa = PBXFileReference; lastKnownFileType = folder.assetcatalog; path = "Preview Assets.xcassets"; sourceTree = "<group>"; };
		4427B1A82AA9B10B003DFE23 /* AddUserView.swift */ = {isa = PBXFileReference; lastKnownFileType = sourcecode.swift; path = AddUserView.swift; sourceTree = "<group>"; wrapsLines = 1; };
		4427B1AB2AA9C926003DFE23 /* UserModel.swift */ = {isa = PBXFileReference; lastKnownFileType = sourcecode.swift; path = UserModel.swift; sourceTree = "<group>"; };
		4427B1AF2AA9C9E8003DFE23 /* UserController.swift */ = {isa = PBXFileReference; lastKnownFileType = sourcecode.swift; path = UserController.swift; sourceTree = "<group>"; };
/* End PBXFileReference section */

/* Begin PBXFrameworksBuildPhase section */
		4427B1942AA9AC77003DFE23 /* Frameworks */ = {
			isa = PBXFrameworksBuildPhase;
			buildActionMask = 2147483647;
			files = (
			);
			runOnlyForDeploymentPostprocessing = 0;
		};
/* End PBXFrameworksBuildPhase section */

/* Begin PBXGroup section */
		4427B18E2AA9AC77003DFE23 = {
			isa = PBXGroup;
			children = (
				4427B1992AA9AC77003DFE23 /* sheetsAndForms */,
				4427B1982AA9AC77003DFE23 /* Products */,
			);
			sourceTree = "<group>";
		};
		4427B1982AA9AC77003DFE23 /* Products */ = {
			isa = PBXGroup;
			children = (
				4427B1972AA9AC77003DFE23 /* sheetsAndForms.app */,
			);
			name = Products;
			sourceTree = "<group>";
		};
		4427B1992AA9AC77003DFE23 /* sheetsAndForms */ = {
			isa = PBXGroup;
			children = (
				4427B1AE2AA9C9C1003DFE23 /* Controller */,
				4427B1AD2AA9C998003DFE23 /* View */,
				4427B1AA2AA9C90A003DFE23 /* Model */,
				4427B19E2AA9AC78003DFE23 /* Assets.xcassets */,
				4427B1A02AA9AC78003DFE23 /* Preview Content */,
			);
			path = sheetsAndForms;
			sourceTree = "<group>";
		};
		4427B1A02AA9AC78003DFE23 /* Preview Content */ = {
			isa = PBXGroup;
			children = (
				4427B1A12AA9AC78003DFE23 /* Preview Assets.xcassets */,
			);
			path = "Preview Content";
			sourceTree = "<group>";
		};
		4427B1AA2AA9C90A003DFE23 /* Model */ = {
			isa = PBXGroup;
			children = (
				4427B1AB2AA9C926003DFE23 /* UserModel.swift */,
			);
			path = Model;
			sourceTree = "<group>";
		};
		4427B1AD2AA9C998003DFE23 /* View */ = {
			isa = PBXGroup;
			children = (
				4427B19A2AA9AC77003DFE23 /* sheetsAndFormsApp.swift */,
				4427B19C2AA9AC77003DFE23 /* UserListView.swift */,
				4427B1A82AA9B10B003DFE23 /* AddUserView.swift */,
			);
			path = View;
			sourceTree = "<group>";
		};
		4427B1AE2AA9C9C1003DFE23 /* Controller */ = {
			isa = PBXGroup;
			children = (
				4427B1AF2AA9C9E8003DFE23 /* UserController.swift */,
			);
			path = Controller;
			sourceTree = "<group>";
		};
/* End PBXGroup section */

/* Begin PBXNativeTarget section */
		4427B1962AA9AC77003DFE23 /* sheetsAndForms */ = {
			isa = PBXNativeTarget;
			buildConfigurationList = 4427B1A52AA9AC78003DFE23 /* Build configuration list for PBXNativeTarget "sheetsAndForms" */;
			buildPhases = (
				4427B1932AA9AC77003DFE23 /* Sources */,
				4427B1942AA9AC77003DFE23 /* Frameworks */,
				4427B1952AA9AC77003DFE23 /* Resources */,
			);
			buildRules = (
			);
			dependencies = (
			);
			name = sheetsAndForms;
			productName = sheetsAndForms;
			productReference = 4427B1972AA9AC77003DFE23 /* sheetsAndForms.app */;
			productType = "com.apple.product-type.application";
		};
/* End PBXNativeTarget section */

/* Begin PBXProject section */
		4427B18F2AA9AC77003DFE23 /* Project object */ = {
			isa = PBXProject;
			attributes = {
				BuildIndependentTargetsInParallel = 1;
				LastSwiftUpdateCheck = 1430;
				LastUpgradeCheck = 1430;
				TargetAttributes = {
					4427B1962AA9AC77003DFE23 = {
						CreatedOnToolsVersion = 14.3.1;
					};
				};
			};
			buildConfigurationList = 4427B1922AA9AC77003DFE23 /* Build configuration list for PBXProject "sheetsAndForms" */;
			compatibilityVersion = "Xcode 14.0";
			developmentRegion = en;
			hasScannedForEncodings = 0;
			knownRegions = (
				en,
				Base,
			);
			mainGroup = 4427B18E2AA9AC77003DFE23;
			productRefGroup = 4427B1982AA9AC77003DFE23 /* Products */;
			projectDirPath = "";
			projectRoot = "";
			targets = (
				4427B1962AA9AC77003DFE23 /* sheetsAndForms */,
			);
		};
/* End PBXProject section */

/* Begin PBXResourcesBuildPhase section */
		4427B1952AA9AC77003DFE23 /* Resources */ = {
			isa = PBXResourcesBuildPhase;
			buildActionMask = 2147483647;
			files = (
				4427B1A22AA9AC78003DFE23 /* Preview Assets.xcassets in Resources */,
				4427B19F2AA9AC78003DFE23 /* Assets.xcassets in Resources */,
			);
			runOnlyForDeploymentPostprocessing = 0;
		};
/* End PBXResourcesBuildPhase section */

/* Begin PBXSourcesBuildPhase section */
		4427B1932AA9AC77003DFE23 /* Sources */ = {
			isa = PBXSourcesBuildPhase;
			buildActionMask = 2147483647;
			files = (
				4427B19D2AA9AC77003DFE23 /* UserListView.swift in Sources */,
				4427B19B2AA9AC77003DFE23 /* sheetsAndFormsApp.swift in Sources */,
				4427B1B02AA9C9E8003DFE23 /* UserController.swift in Sources */,
				4427B1AC2AA9C926003DFE23 /* UserModel.swift in Sources */,
				4427B1A92AA9B10B003DFE23 /* AddUserView.swift in Sources */,
			);
			runOnlyForDeploymentPostprocessing = 0;
		};
/* End PBXSourcesBuildPhase section */

/* Begin XCBuildConfiguration section */
		4427B1A32AA9AC78003DFE23 /* Debug */ = {
			isa = XCBuildConfiguration;
			buildSettings = {
				ALWAYS_SEARCH_USER_PATHS = NO;
				CLANG_ANALYZER_NONNULL = YES;
				CLANG_ANALYZER_NUMBER_OBJECT_CONVERSION = YES_AGGRESSIVE;
				CLANG_CXX_LANGUAGE_STANDARD = "gnu++20";
				CLANG_ENABLE_MODULES = YES;
				CLANG_ENABLE_OBJC_ARC = YES;
				CLANG_ENABLE_OBJC_WEAK = YES;
				CLANG_WARN_BLOCK_CAPTURE_AUTORELEASING = YES;
				CLANG_WARN_BOOL_CONVERSION = YES;
				CLANG_WARN_COMMA = YES;
				CLANG_WARN_CONSTANT_CONVERSION = YES;
				CLANG_WARN_DEPRECATED_OBJC_IMPLEMENTATIONS = YES;
				CLANG_WARN_DIRECT_OBJC_ISA_USAGE = YES_ERROR;
				CLANG_WARN_DOCUMENTATION_COMMENTS = YES;
				CLANG_WARN_EMPTY_BODY = YES;
				CLANG_WARN_ENUM_CONVERSION = YES;
				CLANG_WARN_INFINITE_RECURSION = YES;
				CLANG_WARN_INT_CONVERSION = YES;
				CLANG_WARN_NON_LITERAL_NULL_CONVERSION = YES;
				CLANG_WARN_OBJC_IMPLICIT_RETAIN_SELF = YES;
				CLANG_WARN_OBJC_LITERAL_CONVERSION = YES;
				CLANG_WARN_OBJC_ROOT_CLASS = YES_ERROR;
				CLANG_WARN_QUOTED_INCLUDE_IN_FRAMEWORK_HEADER = YES;
				CLANG_WARN_RANGE_LOOP_ANALYSIS = YES;
				CLANG_WARN_STRICT_PROTOTYPES = YES;
				CLANG_WARN_SUSPICIOUS_MOVE = YES;
				CLANG_WARN_UNGUARDED_AVAILABILITY = YES_AGGRESSIVE;
				CLANG_WARN_UNREACHABLE_CODE = YES;
				CLANG_WARN__DUPLICATE_METHOD_MATCH = YES;
				COPY_PHASE_STRIP = NO;
				DEBUG_INFORMATION_FORMAT = dwarf;
				ENABLE_STRICT_OBJC_MSGSEND = YES;
				ENABLE_TESTABILITY = YES;
				GCC_C_LANGUAGE_STANDARD = gnu11;
				GCC_DYNAMIC_NO_PIC = NO;
				GCC_NO_COMMON_BLOCKS = YES;
				GCC_OPTIMIZATION_LEVEL = 0;
				GCC_PREPROCESSOR_DEFINITIONS = (
					"DEBUG=1",
					"$(inherited)",
				);
				GCC_WARN_64_TO_32_BIT_CONVERSION = YES;
				GCC_WARN_ABOUT_RETURN_TYPE = YES_ERROR;
				GCC_WARN_UNDECLARED_SELECTOR = YES;
				GCC_WARN_UNINITIALIZED_AUTOS = YES_AGGRESSIVE;
				GCC_WARN_UNUSED_FUNCTION = YES;
				GCC_WARN_UNUSED_VARIABLE = YES;
				IPHONEOS_DEPLOYMENT_TARGET = 16.4;
				MTL_ENABLE_DEBUG_INFO = INCLUDE_SOURCE;
				MTL_FAST_MATH = YES;
				ONLY_ACTIVE_ARCH = YES;
				SDKROOT = iphoneos;
				SWIFT_ACTIVE_COMPILATION_CONDITIONS = DEBUG;
				SWIFT_OPTIMIZATION_LEVEL = "-Onone";
			};
			name = Debug;
		};
		4427B1A42AA9AC78003DFE23 /* Release */ = {
			isa = XCBuildConfiguration;
			buildSettings = {
				ALWAYS_SEARCH_USER_PATHS = NO;
				CLANG_ANALYZER_NONNULL = YES;
				CLANG_ANALYZER_NUMBER_OBJECT_CONVERSION = YES_AGGRESSIVE;
				CLANG_CXX_LANGUAGE_STANDARD = "gnu++20";
				CLANG_ENABLE_MODULES = YES;
				CLANG_ENABLE_OBJC_ARC = YES;
				CLANG_ENABLE_OBJC_WEAK = YES;
				CLANG_WARN_BLOCK_CAPTURE_AUTORELEASING = YES;
				CLANG_WARN_BOOL_CONVERSION = YES;
				CLANG_WARN_COMMA = YES;
				CLANG_WARN_CONSTANT_CONVERSION = YES;
				CLANG_WARN_DEPRECATED_OBJC_IMPLEMENTATIONS = YES;
				CLANG_WARN_DIRECT_OBJC_ISA_USAGE = YES_ERROR;
				CLANG_WARN_DOCUMENTATION_COMMENTS = YES;
				CLANG_WARN_EMPTY_BODY = YES;
				CLANG_WARN_ENUM_CONVERSION = YES;
				CLANG_WARN_INFINITE_RECURSION = YES;
				CLANG_WARN_INT_CONVERSION = YES;
				CLANG_WARN_NON_LITERAL_NULL_CONVERSION = YES;
				CLANG_WARN_OBJC_IMPLICIT_RETAIN_SELF = YES;
				CLANG_WARN_OBJC_LITERAL_CONVERSION = YES;
				CLANG_WARN_OBJC_ROOT_CLASS = YES_ERROR;
				CLANG_WARN_QUOTED_INCLUDE_IN_FRAMEWORK_HEADER = YES;
				CLANG_WARN_RANGE_LOOP_ANALYSIS = YES;
				CLANG_WARN_STRICT_PROTOTYPES = YES;
				CLANG_WARN_SUSPICIOUS_MOVE = YES;
				CLANG_WARN_UNGUARDED_AVAILABILITY = YES_AGGRESSIVE;
				CLANG_WARN_UNREACHABLE_CODE = YES;
				CLANG_WARN__DUPLICATE_METHOD_MATCH = YES;
				COPY_PHASE_STRIP = NO;
				DEBUG_INFORMATION_FORMAT = "dwarf-with-dsym";
				ENABLE_NS_ASSERTIONS = NO;
				ENABLE_STRICT_OBJC_MSGSEND = YES;
				GCC_C_LANGUAGE_STANDARD = gnu11;
				GCC_NO_COMMON_BLOCKS = YES;
				GCC_WARN_64_TO_32_BIT_CONVERSION = YES;
				GCC_WARN_ABOUT_RETURN_TYPE = YES_ERROR;
				GCC_WARN_UNDECLARED_SELECTOR = YES;
				GCC_WARN_UNINITIALIZED_AUTOS = YES_AGGRESSIVE;
				GCC_WARN_UNUSED_FUNCTION = YES;
				GCC_WARN_UNUSED_VARIABLE = YES;
				IPHONEOS_DEPLOYMENT_TARGET = 16.4;
				MTL_ENABLE_DEBUG_INFO = NO;
				MTL_FAST_MATH = YES;
				SDKROOT = iphoneos;
				SWIFT_COMPILATION_MODE = wholemodule;
				SWIFT_OPTIMIZATION_LEVEL = "-O";
				VALIDATE_PRODUCT = YES;
			};
			name = Release;
		};
		4427B1A62AA9AC78003DFE23 /* Debug */ = {
			isa = XCBuildConfiguration;
			buildSettings = {
				ASSETCATALOG_COMPILER_APPICON_NAME = AppIcon;
				ASSETCATALOG_COMPILER_GLOBAL_ACCENT_COLOR_NAME = AccentColor;
				CODE_SIGN_STYLE = Automatic;
				CURRENT_PROJECT_VERSION = 1;
				DEVELOPMENT_ASSET_PATHS = "\"sheetsAndForms/Preview Content\"";
				DEVELOPMENT_TEAM = TF3KX6TP3E;
				ENABLE_PREVIEWS = YES;
				GENERATE_INFOPLIST_FILE = YES;
				INFOPLIST_KEY_UIApplicationSceneManifest_Generation = YES;
				INFOPLIST_KEY_UIApplicationSupportsIndirectInputEvents = YES;
				INFOPLIST_KEY_UILaunchScreen_Generation = YES;
				INFOPLIST_KEY_UISupportedInterfaceOrientations_iPad = "UIInterfaceOrientationPortrait UIInterfaceOrientationPortraitUpsideDown UIInterfaceOrientationLandscapeLeft UIInterfaceOrientationLandscapeRight";
				INFOPLIST_KEY_UISupportedInterfaceOrientations_iPhone = "UIInterfaceOrientationPortrait UIInterfaceOrientationLandscapeLeft UIInterfaceOrientationLandscapeRight";
				LD_RUNPATH_SEARCH_PATHS = (
					"$(inherited)",
					"@executable_path/Frameworks",
				);
				MARKETING_VERSION = 1.0;
				PRODUCT_BUNDLE_IDENTIFIER = dk.eaaa.dmu.ksd.sheetsAndForms;
				PRODUCT_NAME = "$(TARGET_NAME)";
				SWIFT_EMIT_LOC_STRINGS = YES;
				SWIFT_VERSION = 5.0;
				TARGETED_DEVICE_FAMILY = "1,2";
			};
			name = Debug;
		};
		4427B1A72AA9AC78003DFE23 /* Release */ = {
			isa = XCBuildConfiguration;
			buildSettings = {
				ASSETCATALOG_COMPILER_APPICON_NAME = AppIcon;
				ASSETCATALOG_COMPILER_GLOBAL_ACCENT_COLOR_NAME = AccentColor;
				CODE_SIGN_STYLE = Automatic;
				CURRENT_PROJECT_VERSION = 1;
				DEVELOPMENT_ASSET_PATHS = "\"sheetsAndForms/Preview Content\"";
				DEVELOPMENT_TEAM = TF3KX6TP3E;
				ENABLE_PREVIEWS = YES;
				GENERATE_INFOPLIST_FILE = YES;
				INFOPLIST_KEY_UIApplicationSceneManifest_Generation = YES;
				INFOPLIST_KEY_UIApplicationSupportsIndirectInputEvents = YES;
				INFOPLIST_KEY_UILaunchScreen_Generation = YES;
				INFOPLIST_KEY_UISupportedInterfaceOrientations_iPad = "UIInterfaceOrientationPortrait UIInterfaceOrientationPortraitUpsideDown UIInterfaceOrientationLandscapeLeft UIInterfaceOrientationLandscapeRight";
				INFOPLIST_KEY_UISupportedInterfaceOrientations_iPhone = "UIInterfaceOrientationPortrait UIInterfaceOrientationLandscapeLeft UIInterfaceOrientationLandscapeRight";
				LD_RUNPATH_SEARCH_PATHS = (
					"$(inherited)",
					"@executable_path/Frameworks",
				);
				MARKETING_VERSION = 1.0;
				PRODUCT_BUNDLE_IDENTIFIER = dk.eaaa.dmu.ksd.sheetsAndForms;
				PRODUCT_NAME = "$(TARGET_NAME)";
				SWIFT_EMIT_LOC_STRINGS = YES;
				SWIFT_VERSION = 5.0;
				TARGETED_DEVICE_FAMILY = "1,2";
			};
			name = Release;
		};
/* End XCBuildConfiguration section */

/* Begin XCConfigurationList section */
		4427B1922AA9AC77003DFE23 /* Build configuration list for PBXProject "sheetsAndForms" */ = {
			isa = XCConfigurationList;
			buildConfigurations = (
				4427B1A32AA9AC78003DFE23 /* Debug */,
				4427B1A42AA9AC78003DFE23 /* Release */,
			);
			defaultConfigurationIsVisible = 0;
			defaultConfigurationName = Release;
		};
		4427B1A52AA9AC78003DFE23 /* Build configuration list for PBXNativeTarget "sheetsAndForms" */ = {
			isa = XCConfigurationList;
			buildConfigurations = (
				4427B1A62AA9AC78003DFE23 /* Debug */,
				4427B1A72AA9AC78003DFE23 /* Release */,
			);
			defaultConfigurationIsVisible = 0;
			defaultConfigurationName = Release;
		};
/* End XCConfigurationList section */
	};
	rootObject = 4427B18F2AA9AC77003DFE23 /* Project object */;
}
